
Microsoft Visual Studio Solution File, Format Version 12.00
# Visual Studio Version 17
VisualStudioVersion = 17.9.34728.123
MinimumVisualStudioVersion = 10.0.40219.1
Project("{9A19103F-16F7-4668-BE54-9A1E7A4F7556}") = "BlazorApp1", "BlazorApp1\BlazorApp1\BlazorApp1.csproj", "{71E0AA59-3AF7-45EE-987D-47D190E68C00}"
EndProject
Project("{9A19103F-16F7-4668-BE54-9A1E7A4F7556}") = "BlazorApp1.Client", "BlazorApp1\BlazorApp1.Client\BlazorApp1.Client.csproj", "{4747E4AF-28CC-4B47-876B-C21E234D7B12}"
EndProject
Project("{2150E333-8FDC-42A3-9474-1A3956D46DE8}") = "Solution Items", "Solution Items", "{1768A7B9-5A12-4332-854D-FEBCBD08883A}"
	ProjectSection(SolutionItems) = preProject
		.editorconfig = .editorconfig
	EndProjectSection
EndProject
Project("{9A19103F-16F7-4668-BE54-9A1E7A4F7556}") = "MyGrpcService", "MyGrpcService\MyGrpcService.csproj", "{169520A9-C7B0-4C6C-9FAC-129CC036B110}"
EndProject
Global
	GlobalSection(SolutionConfigurationPlatforms) = preSolution
		Debug|Any CPU = Debug|Any CPU
		Release|Any CPU = Release|Any CPU
	EndGlobalSection
	GlobalSection(ProjectConfigurationPlatforms) = postSolution
		{71E0AA59-3AF7-45EE-987D-47D190E68C00}.Debug|Any CPU.ActiveCfg = Debug|Any CPU
		{71E0AA59-3AF7-45EE-987D-47D190E68C00}.Debug|Any CPU.Build.0 = Debug|Any CPU
		{71E0AA59-3AF7-45EE-987D-47D190E68C00}.Release|Any CPU.ActiveCfg = Release|Any CPU
		{71E0AA59-3AF7-45EE-987D-47D190E68C00}.Release|Any CPU.Build.0 = Release|Any CPU
		{4747E4AF-28CC-4B47-876B-C21E234D7B12}.Debug|Any CPU.ActiveCfg = Debug|Any CPU
		{4747E4AF-28CC-4B47-876B-C21E234D7B12}.Debug|Any CPU.Build.0 = Debug|Any CPU
		{4747E4AF-28CC-4B47-876B-C21E234D7B12}.Release|Any CPU.ActiveCfg = Release|Any CPU
		{4747E4AF-28CC-4B47-876B-C21E234D7B12}.Release|Any CPU.Build.0 = Release|Any CPU
		{169520A9-C7B0-4C6C-9FAC-129CC036B110}.Debug|Any CPU.ActiveCfg = Debug|Any CPU
		{169520A9-C7B0-4C6C-9FAC-129CC036B110}.Debug|Any CPU.Build.0 = Debug|Any CPU
		{169520A9-C7B0-4C6C-9FAC-129CC036B110}.Release|Any CPU.ActiveCfg = Release|Any CPU
		{169520A9-C7B0-4C6C-9FAC-129CC036B110}.Release|Any CPU.Build.0 = Release|Any CPU
	EndGlobalSection
	GlobalSection(SolutionProperties) = preSolution
		HideSolutionNode = FALSE
	EndGlobalSection
	GlobalSection(ExtensibilityGlobals) = postSolution
		SolutionGuid = {380431CF-E945-4A79-8E5D-E58CD96DA7CF}
	EndGlobalSection
EndGlobal
